{
  "name": "gd-com-websocket-basic",
  "version": "1.0.0",
  "lockfileVersion": 1,
  "requires": true,
  "dependencies": {
    "@gd-com/utils": {
      "version": "4.0.0",
      "resolved": "https://registry.npmjs.org/@gd-com/utils/-/utils-4.0.0.tgz",
      "integrity": "sha512-ll2qg7AJA/3sY7VoH5nzwWnhPPfb+zPB3EmWc6MVPTimmU4PFsluq6K/R7Fd+h8MkkIbJcwINxFZDntoeD+WMg==",
      "requires": {
        "long": "^4.0.0"
      }
    },
    "async-limiter": {
      "version": "1.0.0",
      "resolved": "https://registry.npmjs.org/async-limiter/-/async-limiter-1.0.0.tgz",
      "integrity": "sha512-jp/uFnooOiO+L211eZOoSyzpOITMXx1rBITauYykG3BRYPu8h0UcxsPNB04RR5vo4Tyz3+ay17tR6JVf9qzYWg=="
    },
    "long": {
      "version": "4.0.0",
      "resolved": "https://registry.npmjs.org/long/-/long-4.0.0.tgz",
      "integrity": "sha512-XsP+KhQif4bjX1kbuSiySJFNAehNxgLb6hPRGJ9QsUr8ajHkuXGdrHmFUTUUXhDwVX2R5bY4JNZEwbUiMhV+MA=="
    },
    "ws": {
      "version": "6.2.0",
      "resolved": "https://registry.npmjs.org/ws/-/ws-6.2.0.tgz",
      "integrity": "sha512-deZYUNlt2O4buFCa3t5bKLf8A7FPP/TVjwOeVNpw818Ma5nk4MLXls2eoEGS39o8119QIYxTrTDoPQ5B/gTD6w==",
      "requires": {
        "async-limiter": "~1.0.0"
      }
    }
  }
}
